
Microsoft Visual Studio Solution File, Format Version 12.00
# Visual Studio Version 17
VisualStudioVersion = 17.6.33723.286
MinimumVisualStudioVersion = 10.0.40219.1
Project("{9A19103F-16F7-4668-BE54-9A1E7A4F7556}") = "GraphQlLearning", "GraphQlLearning.csproj", "{E2F934AE-28DF-4626-B5A8-40C56DD20BDE}"
EndProject
Global
	GlobalSection(SolutionConfigurationPlatforms) = preSolution
		Debug|Any CPU = Debug|Any CPU
		Release|Any CPU = Release|Any CPU
	EndGlobalSection
	GlobalSection(ProjectConfigurationPlatforms) = postSolution
		{E2F934AE-28DF-4626-B5A8-40C56DD20BDE}.Debug|Any CPU.ActiveCfg = Debug|Any CPU
		{E2F934AE-28DF-4626-B5A8-40C56DD20BDE}.Debug|Any CPU.Build.0 = Debug|Any CPU
		{E2F934AE-28DF-4626-B5A8-40C56DD20BDE}.Release|Any CPU.ActiveCfg = Release|Any CPU
		{E2F934AE-28DF-4626-B5A8-40C56DD20BDE}.Release|Any CPU.Build.0 = Release|Any CPU
	EndGlobalSection
	GlobalSection(SolutionProperties) = preSolution
		HideSolutionNode = FALSE
	EndGlobalSection
	GlobalSection(ExtensibilityGlobals) = postSolution
		SolutionGuid = {13322A63-9997-4455-AEFD-318F409B98B9}
	EndGlobalSection
EndGlobal
